
Microsoft Visual Studio Solution File, Format Version 12.00
# Visual Studio Version 17
VisualStudioVersion = 17.6.33723.286
MinimumVisualStudioVersion = 10.0.40219.1
Project("{FAE04EC0-301F-11D3-BF4B-00C04F79EFBC}") = "csGrade", "csGrade\csGrade.csproj", "{3CC4FECF-70DB-404C-BD01-C712828DADDE}"
EndProject
Global
	GlobalSection(SolutionConfigurationPlatforms) = preSolution
		Debug|Any CPU = Debug|Any CPU
		Release|Any CPU = Release|Any CPU
	EndGlobalSection
	GlobalSection(ProjectConfigurationPlatforms) = postSolution
		{3CC4FECF-70DB-404C-BD01-C712828DADDE}.Debug|Any CPU.ActiveCfg = Debug|Any CPU
		{3CC4FECF-70DB-404C-BD01-C712828DADDE}.Debug|Any CPU.Build.0 = Debug|Any CPU
		{3CC4FECF-70DB-404C-BD01-C712828DADDE}.Release|Any CPU.ActiveCfg = Release|Any CPU
		{3CC4FECF-70DB-404C-BD01-C712828DADDE}.Release|Any CPU.Build.0 = Release|Any CPU
	EndGlobalSection
	GlobalSection(SolutionProperties) = preSolution
		HideSolutionNode = FALSE
	EndGlobalSection
	GlobalSection(ExtensibilityGlobals) = postSolution
		SolutionGuid = {537DA8F3-8894-45D8-A4D1-80575945E3D0}
	EndGlobalSection
EndGlobal
